
Microsoft Visual Studio Solution File, Format Version 12.00
Project("{FAE04EC0-301F-11D3-BF4B-00C04F79EFBC}") = "CodeChallenge", "CodeChallenge\CodeChallenge.csproj", "{4DE1973D-6135-4568-83E9-326744961EC1}"
EndProject
Project("{2150E333-8FDC-42A3-9474-1A3956D46DE8}") = "1 Domain", "1 Domain", "{860D575D-8597-4F7A-8114-52F0AD214F40}"
EndProject
Project("{2150E333-8FDC-42A3-9474-1A3956D46DE8}") = "2 Infrastructure", "2 Infrastructure", "{83E5D582-8AF5-47A0-8186-997D316BFB9E}"
EndProject
Project("{2150E333-8FDC-42A3-9474-1A3956D46DE8}") = "3 Platform", "3 Platform", "{F87ACD54-9188-4CC3-ABC3-2E30CA0106B2}"
EndProject
Project("{2150E333-8FDC-42A3-9474-1A3956D46DE8}") = "4 Tests", "4 Tests", "{8B955154-3988-40C8-BF9C-76D90B43B4A5}"
EndProject
Project("{FAE04EC0-301F-11D3-BF4B-00C04F79EFBC}") = "Models", "Models\Models.csproj", "{195D8CFE-2FF1-4D88-98DB-55A23E0DB8A4}"
EndProject
Project("{FAE04EC0-301F-11D3-BF4B-00C04F79EFBC}") = "Interfaces", "Interfaces\Interfaces.csproj", "{580BAB8F-E233-4D21-8626-0C200A4F15B7}"
EndProject
Project("{FAE04EC0-301F-11D3-BF4B-00C04F79EFBC}") = "Services", "Services\Services.csproj", "{A2C873BA-C907-457D-B2CB-436C4C099558}"
EndProject
Project("{FAE04EC0-301F-11D3-BF4B-00C04F79EFBC}") = "Api", "Api\Api.csproj", "{9B6C2CE4-BD4B-4873-9744-EDCFEA487A7A}"
EndProject
Project("{FAE04EC0-301F-11D3-BF4B-00C04F79EFBC}") = "Business", "Business\Business.csproj", "{EAAE54D1-6265-44D8-A700-DB39EEDC495A}"
EndProject
Global
	GlobalSection(SolutionConfigurationPlatforms) = preSolution
		Debug|Any CPU = Debug|Any CPU
		Release|Any CPU = Release|Any CPU
	EndGlobalSection
	GlobalSection(ProjectConfigurationPlatforms) = postSolution
		{4DE1973D-6135-4568-83E9-326744961EC1}.Debug|Any CPU.ActiveCfg = Debug|Any CPU
		{4DE1973D-6135-4568-83E9-326744961EC1}.Debug|Any CPU.Build.0 = Debug|Any CPU
		{4DE1973D-6135-4568-83E9-326744961EC1}.Release|Any CPU.ActiveCfg = Release|Any CPU
		{4DE1973D-6135-4568-83E9-326744961EC1}.Release|Any CPU.Build.0 = Release|Any CPU
		{195D8CFE-2FF1-4D88-98DB-55A23E0DB8A4}.Debug|Any CPU.ActiveCfg = Debug|Any CPU
		{195D8CFE-2FF1-4D88-98DB-55A23E0DB8A4}.Debug|Any CPU.Build.0 = Debug|Any CPU
		{195D8CFE-2FF1-4D88-98DB-55A23E0DB8A4}.Release|Any CPU.ActiveCfg = Release|Any CPU
		{195D8CFE-2FF1-4D88-98DB-55A23E0DB8A4}.Release|Any CPU.Build.0 = Release|Any CPU
		{580BAB8F-E233-4D21-8626-0C200A4F15B7}.Debug|Any CPU.ActiveCfg = Debug|Any CPU
		{580BAB8F-E233-4D21-8626-0C200A4F15B7}.Debug|Any CPU.Build.0 = Debug|Any CPU
		{580BAB8F-E233-4D21-8626-0C200A4F15B7}.Release|Any CPU.ActiveCfg = Release|Any CPU
		{580BAB8F-E233-4D21-8626-0C200A4F15B7}.Release|Any CPU.Build.0 = Release|Any CPU
		{A2C873BA-C907-457D-B2CB-436C4C099558}.Debug|Any CPU.ActiveCfg = Debug|Any CPU
		{A2C873BA-C907-457D-B2CB-436C4C099558}.Debug|Any CPU.Build.0 = Debug|Any CPU
		{A2C873BA-C907-457D-B2CB-436C4C099558}.Release|Any CPU.ActiveCfg = Release|Any CPU
		{A2C873BA-C907-457D-B2CB-436C4C099558}.Release|Any CPU.Build.0 = Release|Any CPU
		{9B6C2CE4-BD4B-4873-9744-EDCFEA487A7A}.Debug|Any CPU.ActiveCfg = Debug|Any CPU
		{9B6C2CE4-BD4B-4873-9744-EDCFEA487A7A}.Debug|Any CPU.Build.0 = Debug|Any CPU
		{9B6C2CE4-BD4B-4873-9744-EDCFEA487A7A}.Release|Any CPU.ActiveCfg = Release|Any CPU
		{9B6C2CE4-BD4B-4873-9744-EDCFEA487A7A}.Release|Any CPU.Build.0 = Release|Any CPU
		{EAAE54D1-6265-44D8-A700-DB39EEDC495A}.Debug|Any CPU.ActiveCfg = Debug|Any CPU
		{EAAE54D1-6265-44D8-A700-DB39EEDC495A}.Debug|Any CPU.Build.0 = Debug|Any CPU
		{EAAE54D1-6265-44D8-A700-DB39EEDC495A}.Release|Any CPU.ActiveCfg = Release|Any CPU
		{EAAE54D1-6265-44D8-A700-DB39EEDC495A}.Release|Any CPU.Build.0 = Release|Any CPU
	EndGlobalSection
	GlobalSection(NestedProjects) = preSolution
		{4DE1973D-6135-4568-83E9-326744961EC1} = {F87ACD54-9188-4CC3-ABC3-2E30CA0106B2}
		{195D8CFE-2FF1-4D88-98DB-55A23E0DB8A4} = {860D575D-8597-4F7A-8114-52F0AD214F40}
		{580BAB8F-E233-4D21-8626-0C200A4F15B7} = {860D575D-8597-4F7A-8114-52F0AD214F40}
		{A2C873BA-C907-457D-B2CB-436C4C099558} = {83E5D582-8AF5-47A0-8186-997D316BFB9E}
		{9B6C2CE4-BD4B-4873-9744-EDCFEA487A7A} = {83E5D582-8AF5-47A0-8186-997D316BFB9E}
		{EAAE54D1-6265-44D8-A700-DB39EEDC495A} = {83E5D582-8AF5-47A0-8186-997D316BFB9E}
	EndGlobalSection
EndGlobal
